
Microsoft Visual Studio Solution File, Format Version 12.00
# Visual Studio 14
VisualStudioVersion = 14.0.23107.0
MinimumVisualStudioVersion = 10.0.40219.1
Project("{FAE04EC0-301F-11D3-BF4B-00C04F79EFBC}") = "ServicesSamples.Core", "ServicesSamples.Core\ServicesSamples.Core.csproj", "{60993AA9-6C28-49EC-BB38-3CE5DC3F3510}"
EndProject
Project("{FAE04EC0-301F-11D3-BF4B-00C04F79EFBC}") = "ServicesSamples.iOS", "ServicesSamples.iOS\ServicesSamples.iOS.csproj", "{D05183EE-050F-4940-91EC-3E657DA575CF}"
EndProject
Project("{FAE04EC0-301F-11D3-BF4B-00C04F79EFBC}") = "ServicesSamples.WinPhone", "ServicesSamples.WinPhone\ServicesSamples.WinPhone.csproj", "{131D55C7-D279-404F-9438-5A71F81A16DC}"
EndProject
Project("{FAE04EC0-301F-11D3-BF4B-00C04F79EFBC}") = "ServicesSamples.WinRT", "ServicesSamples.WinRT\ServicesSamples.WinRT.csproj", "{22262656-2434-42CA-96BC-5791FEC66F9C}"
EndProject
Project("{FAE04EC0-301F-11D3-BF4B-00C04F79EFBC}") = "ServicesSamples.Android.Material", "ServicesSamples.Android.Material\ServicesSamples.Android.Material.csproj", "{24886947-9D92-42E0-A0EB-C21B68BC05E2}"
EndProject
Project("{2150E333-8FDC-42A3-9474-1A3956D46DE8}") = "Solution Items", "Solution Items", "{5AE2E9C9-A7BF-49DE-BA27-894C60E30A6E}"
	ProjectSection(SolutionItems) = preProject
		Readme.md = Readme.md
	EndProjectSection
EndProject
Global
	GlobalSection(SolutionConfigurationPlatforms) = preSolution
		Ad-Hoc|Any CPU = Ad-Hoc|Any CPU
		Ad-Hoc|ARM = Ad-Hoc|ARM
		Ad-Hoc|iPhone = Ad-Hoc|iPhone
		Ad-Hoc|iPhoneSimulator = Ad-Hoc|iPhoneSimulator
		Ad-Hoc|Mixed Platforms = Ad-Hoc|Mixed Platforms
		Ad-Hoc|x64 = Ad-Hoc|x64
		Ad-Hoc|x86 = Ad-Hoc|x86
		AppStore|Any CPU = AppStore|Any CPU
		AppStore|ARM = AppStore|ARM
		AppStore|iPhone = AppStore|iPhone
		AppStore|iPhoneSimulator = AppStore|iPhoneSimulator
		AppStore|Mixed Platforms = AppStore|Mixed Platforms
		AppStore|x64 = AppStore|x64
		AppStore|x86 = AppStore|x86
		Debug|Any CPU = Debug|Any CPU
		Debug|ARM = Debug|ARM
		Debug|iPhone = Debug|iPhone
		Debug|iPhoneSimulator = Debug|iPhoneSimulator
		Debug|Mixed Platforms = Debug|Mixed Platforms
		Debug|x64 = Debug|x64
		Debug|x86 = Debug|x86
		Release|Any CPU = Release|Any CPU
		Release|ARM = Release|ARM
		Release|iPhone = Release|iPhone
		Release|iPhoneSimulator = Release|iPhoneSimulator
		Release|Mixed Platforms = Release|Mixed Platforms
		Release|x64 = Release|x64
		Release|x86 = Release|x86
	EndGlobalSection
	GlobalSection(ProjectConfigurationPlatforms) = postSolution
		{60993AA9-6C28-49EC-BB38-3CE5DC3F3510}.Ad-Hoc|Any CPU.ActiveCfg = Debug|Any CPU
		{60993AA9-6C28-49EC-BB38-3CE5DC3F3510}.Ad-Hoc|Any CPU.Build.0 = Debug|Any CPU
		{60993AA9-6C28-49EC-BB38-3CE5DC3F3510}.Ad-Hoc|ARM.ActiveCfg = Debug|Any CPU
		{60993AA9-6C28-49EC-BB38-3CE5DC3F3510}.Ad-Hoc|ARM.Build.0 = Debug|Any CPU
		{60993AA9-6C28-49EC-BB38-3CE5DC3F3510}.Ad-Hoc|iPhone.ActiveCfg = Debug|Any CPU
		{60993AA9-6C28-49EC-BB38-3CE5DC3F3510}.Ad-Hoc|iPhone.Build.0 = Debug|Any CPU
		{60993AA9-6C28-49EC-BB38-3CE5DC3F3510}.Ad-Hoc|iPhoneSimulator.ActiveCfg = Debug|Any CPU
		{60993AA9-6C28-49EC-BB38-3CE5DC3F3510}.Ad-Hoc|iPhoneSimulator.Build.0 = Debug|Any CPU
		{60993AA9-6C28-49EC-BB38-3CE5DC3F3510}.Ad-Hoc|Mixed Platforms.ActiveCfg = Debug|Any CPU
		{60993AA9-6C28-49EC-BB38-3CE5DC3F3510}.Ad-Hoc|Mixed Platforms.Build.0 = Debug|Any CPU
		{60993AA9-6C28-49EC-BB38-3CE5DC3F3510}.Ad-Hoc|x64.ActiveCfg = Debug|Any CPU
		{60993AA9-6C28-49EC-BB38-3CE5DC3F3510}.Ad-Hoc|x64.Build.0 = Debug|Any CPU
		{60993AA9-6C28-49EC-BB38-3CE5DC3F3510}.Ad-Hoc|x86.ActiveCfg = Debug|Any CPU
		{60993AA9-6C28-49EC-BB38-3CE5DC3F3510}.Ad-Hoc|x86.Build.0 = Debug|Any CPU
		{60993AA9-6C28-49EC-BB38-3CE5DC3F3510}.AppStore|Any CPU.ActiveCfg = Debug|Any CPU
		{60993AA9-6C28-49EC-BB38-3CE5DC3F3510}.AppStore|Any CPU.Build.0 = Debug|Any CPU
		{60993AA9-6C28-49EC-BB38-3CE5DC3F3510}.AppStore|ARM.ActiveCfg = Debug|Any CPU
		{60993AA9-6C28-49EC-BB38-3CE5DC3F3510}.AppStore|ARM.Build.0 = Debug|Any CPU
		{60993AA9-6C28-49EC-BB38-3CE5DC3F3510}.AppStore|iPhone.ActiveCfg = Debug|Any CPU
		{60993AA9-6C28-49EC-BB38-3CE5DC3F3510}.AppStore|iPhone.Build.0 = Debug|Any CPU
		{60993AA9-6C28-49EC-BB38-3CE5DC3F3510}.AppStore|iPhoneSimulator.ActiveCfg = Debug|Any CPU
		{60993AA9-6C28-49EC-BB38-3CE5DC3F3510}.AppStore|iPhoneSimulator.Build.0 = Debug|Any CPU
		{60993AA9-6C28-49EC-BB38-3CE5DC3F3510}.AppStore|Mixed Platforms.ActiveCfg = Debug|Any CPU
		{60993AA9-6C28-49EC-BB38-3CE5DC3F3510}.AppStore|Mixed Platforms.Build.0 = Debug|Any CPU
		{60993AA9-6C28-49EC-BB38-3CE5DC3F3510}.AppStore|x64.ActiveCfg = Debug|Any CPU
		{60993AA9-6C28-49EC-BB38-3CE5DC3F3510}.AppStore|x64.Build.0 = Debug|Any CPU
		{60993AA9-6C28-49EC-BB38-3CE5DC3F3510}.AppStore|x86.ActiveCfg = Debug|Any CPU
		{60993AA9-6C28-49EC-BB38-3CE5DC3F3510}.AppStore|x86.Build.0 = Debug|Any CPU
		{60993AA9-6C28-49EC-BB38-3CE5DC3F3510}.Debug|Any CPU.ActiveCfg = Debug|Any CPU
		{60993AA9-6C28-49EC-BB38-3CE5DC3F3510}.Debug|Any CPU.Build.0 = Debug|Any CPU
		{60993AA9-6C28-49EC-BB38-3CE5DC3F3510}.Debug|ARM.ActiveCfg = Debug|Any CPU
		{60993AA9-6C28-49EC-BB38-3CE5DC3F3510}.Debug|ARM.Build.0 = Debug|Any CPU
		{60993AA9-6C28-49EC-BB38-3CE5DC3F3510}.Debug|iPhone.ActiveCfg = Debug|Any CPU
		{60993AA9-6C28-49EC-BB38-3CE5DC3F3510}.Debug|iPhone.Build.0 = Debug|Any CPU
		{60993AA9-6C28-49EC-BB38-3CE5DC3F3510}.Debug|iPhoneSimulator.ActiveCfg = Debug|Any CPU
		{60993AA9-6C28-49EC-BB38-3CE5DC3F3510}.Debug|iPhoneSimulator.Build.0 = Debug|Any CPU
		{60993AA9-6C28-49EC-BB38-3CE5DC3F3510}.Debug|Mixed Platforms.ActiveCfg = Debug|Any CPU
		{60993AA9-6C28-49EC-BB38-3CE5DC3F3510}.Debug|Mixed Platforms.Build.0 = Debug|Any CPU
		{60993AA9-6C28-49EC-BB38-3CE5DC3F3510}.Debug|x64.ActiveCfg = Debug|Any CPU
		{60993AA9-6C28-49EC-BB38-3CE5DC3F3510}.Debug|x64.Build.0 = Debug|Any CPU
		{60993AA9-6C28-49EC-BB38-3CE5DC3F3510}.Debug|x86.ActiveCfg = Debug|Any CPU
		{60993AA9-6C28-49EC-BB38-3CE5DC3F3510}.Debug|x86.Build.0 = Debug|Any CPU
		{60993AA9-6C28-49EC-BB38-3CE5DC3F3510}.Release|Any CPU.ActiveCfg = Release|Any CPU
		{60993AA9-6C28-49EC-BB38-3CE5DC3F3510}.Release|Any CPU.Build.0 = Release|Any CPU
		{60993AA9-6C28-49EC-BB38-3CE5DC3F3510}.Release|ARM.ActiveCfg = Release|Any CPU
		{60993AA9-6C28-49EC-BB38-3CE5DC3F3510}.Release|ARM.Build.0 = Release|Any CPU
		{60993AA9-6C28-49EC-BB38-3CE5DC3F3510}.Release|iPhone.ActiveCfg = Release|Any CPU
		{60993AA9-6C28-49EC-BB38-3CE5DC3F3510}.Release|iPhone.Build.0 = Release|Any CPU
		{60993AA9-6C28-49EC-BB38-3CE5DC3F3510}.Release|iPhoneSimulator.ActiveCfg = Release|Any CPU
		{60993AA9-6C28-49EC-BB38-3CE5DC3F3510}.Release|iPhoneSimulator.Build.0 = Release|Any CPU
		{60993AA9-6C28-49EC-BB38-3CE5DC3F3510}.Release|Mixed Platforms.ActiveCfg = Release|Any CPU
		{60993AA9-6C28-49EC-BB38-3CE5DC3F3510}.Release|Mixed Platforms.Build.0 = Release|Any CPU
		{60993AA9-6C28-49EC-BB38-3CE5DC3F3510}.Release|x64.ActiveCfg = Release|Any CPU
		{60993AA9-6C28-49EC-BB38-3CE5DC3F3510}.Release|x64.Build.0 = Release|Any CPU
		{60993AA9-6C28-49EC-BB38-3CE5DC3F3510}.Release|x86.ActiveCfg = Release|Any CPU
		{60993AA9-6C28-49EC-BB38-3CE5DC3F3510}.Release|x86.Build.0 = Release|Any CPU
		{D05183EE-050F-4940-91EC-3E657DA575CF}.Ad-Hoc|Any CPU.ActiveCfg = Ad-Hoc|iPhone
		{D05183EE-050F-4940-91EC-3E657DA575CF}.Ad-Hoc|Any CPU.Build.0 = Ad-Hoc|iPhone
		{D05183EE-050F-4940-91EC-3E657DA575CF}.Ad-Hoc|ARM.ActiveCfg = Ad-Hoc|iPhone
		{D05183EE-050F-4940-91EC-3E657DA575CF}.Ad-Hoc|ARM.Build.0 = Ad-Hoc|iPhone
		{D05183EE-050F-4940-91EC-3E657DA575CF}.Ad-Hoc|iPhone.ActiveCfg = Ad-Hoc|iPhone
		{D05183EE-050F-4940-91EC-3E657DA575CF}.Ad-Hoc|iPhone.Build.0 = Ad-Hoc|iPhone
		{D05183EE-050F-4940-91EC-3E657DA575CF}.Ad-Hoc|iPhoneSimulator.ActiveCfg = Debug|iPhoneSimulator
		{D05183EE-050F-4940-91EC-3E657DA575CF}.Ad-Hoc|iPhoneSimulator.Build.0 = Debug|iPhoneSimulator
		{D05183EE-050F-4940-91EC-3E657DA575CF}.Ad-Hoc|Mixed Platforms.ActiveCfg = Ad-Hoc|iPhone
		{D05183EE-050F-4940-91EC-3E657DA575CF}.Ad-Hoc|Mixed Platforms.Build.0 = Ad-Hoc|iPhone
		{D05183EE-050F-4940-91EC-3E657DA575CF}.Ad-Hoc|x64.ActiveCfg = Ad-Hoc|iPhone
		{D05183EE-050F-4940-91EC-3E657DA575CF}.Ad-Hoc|x64.Build.0 = Ad-Hoc|iPhone
		{D05183EE-050F-4940-91EC-3E657DA575CF}.Ad-Hoc|x86.ActiveCfg = Ad-Hoc|iPhone
		{D05183EE-050F-4940-91EC-3E657DA575CF}.Ad-Hoc|x86.Build.0 = Ad-Hoc|iPhone
		{D05183EE-050F-4940-91EC-3E657DA575CF}.AppStore|Any CPU.ActiveCfg = AppStore|iPhone
		{D05183EE-050F-4940-91EC-3E657DA575CF}.AppStore|Any CPU.Build.0 = AppStore|iPhone
		{D05183EE-050F-4940-91EC-3E657DA575CF}.AppStore|ARM.ActiveCfg = AppStore|iPhone
		{D05183EE-050F-4940-91EC-3E657DA575CF}.AppStore|ARM.Build.0 = AppStore|iPhone
		{D05183EE-050F-4940-91EC-3E657DA575CF}.AppStore|iPhone.ActiveCfg = AppStore|iPhone
		{D05183EE-050F-4940-91EC-3E657DA575CF}.AppStore|iPhone.Build.0 = AppStore|iPhone
		{D05183EE-050F-4940-91EC-3E657DA575CF}.AppStore|iPhoneSimulator.ActiveCfg = Debug|iPhoneSimulator
		{D05183EE-050F-4940-91EC-3E657DA575CF}.AppStore|iPhoneSimulator.Build.0 = Debug|iPhoneSimulator
		{D05183EE-050F-4940-91EC-3E657DA575CF}.AppStore|Mixed Platforms.ActiveCfg = AppStore|iPhone
		{D05183EE-050F-4940-91EC-3E657DA575CF}.AppStore|Mixed Platforms.Build.0 = AppStore|iPhone
		{D05183EE-050F-4940-91EC-3E657DA575CF}.AppStore|x64.ActiveCfg = AppStore|iPhone
		{D05183EE-050F-4940-91EC-3E657DA575CF}.AppStore|x64.Build.0 = AppStore|iPhone
		{D05183EE-050F-4940-91EC-3E657DA575CF}.AppStore|x86.ActiveCfg = AppStore|iPhone
		{D05183EE-050F-4940-91EC-3E657DA575CF}.AppStore|x86.Build.0 = AppStore|iPhone
		{D05183EE-050F-4940-91EC-3E657DA575CF}.Debug|Any CPU.ActiveCfg = Debug|iPhoneSimulator
		{D05183EE-050F-4940-91EC-3E657DA575CF}.Debug|Any CPU.Build.0 = Debug|iPhoneSimulator
		{D05183EE-050F-4940-91EC-3E657DA575CF}.Debug|ARM.ActiveCfg = Debug|iPhoneSimulator
		{D05183EE-050F-4940-91EC-3E657DA575CF}.Debug|ARM.Build.0 = Debug|iPhoneSimulator
		{D05183EE-050F-4940-91EC-3E657DA575CF}.Debug|iPhone.ActiveCfg = Debug|iPhone
		{D05183EE-050F-4940-91EC-3E657DA575CF}.Debug|iPhone.Build.0 = Debug|iPhone
		{D05183EE-050F-4940-91EC-3E657DA575CF}.Debug|iPhoneSimulator.ActiveCfg = Debug|iPhoneSimulator
		{D05183EE-050F-4940-91EC-3E657DA575CF}.Debug|iPhoneSimulator.Build.0 = Debug|iPhoneSimulator
		{D05183EE-050F-4940-91EC-3E657DA575CF}.Debug|Mixed Platforms.ActiveCfg = Debug|iPhoneSimulator
		{D05183EE-050F-4940-91EC-3E657DA575CF}.Debug|Mixed Platforms.Build.0 = Debug|iPhoneSimulator
		{D05183EE-050F-4940-91EC-3E657DA575CF}.Debug|x64.ActiveCfg = Debug|iPhoneSimulator
		{D05183EE-050F-4940-91EC-3E657DA575CF}.Debug|x64.Build.0 = Debug|iPhoneSimulator
		{D05183EE-050F-4940-91EC-3E657DA575CF}.Debug|x86.ActiveCfg = Debug|iPhoneSimulator
		{D05183EE-050F-4940-91EC-3E657DA575CF}.Debug|x86.Build.0 = Debug|iPhoneSimulator
		{D05183EE-050F-4940-91EC-3E657DA575CF}.Release|Any CPU.ActiveCfg = Release|iPhoneSimulator
		{D05183EE-050F-4940-91EC-3E657DA575CF}.Release|Any CPU.Build.0 = Release|iPhoneSimulator
		{D05183EE-050F-4940-91EC-3E657DA575CF}.Release|ARM.ActiveCfg = Release|iPhoneSimulator
		{D05183EE-050F-4940-91EC-3E657DA575CF}.Release|ARM.Build.0 = Release|iPhoneSimulator
		{D05183EE-050F-4940-91EC-3E657DA575CF}.Release|iPhone.ActiveCfg = Release|iPhone
		{D05183EE-050F-4940-91EC-3E657DA575CF}.Release|iPhone.Build.0 = Release|iPhone
		{D05183EE-050F-4940-91EC-3E657DA575CF}.Release|iPhoneSimulator.ActiveCfg = Release|iPhoneSimulator
		{D05183EE-050F-4940-91EC-3E657DA575CF}.Release|iPhoneSimulator.Build.0 = Release|iPhoneSimulator
		{D05183EE-050F-4940-91EC-3E657DA575CF}.Release|Mixed Platforms.ActiveCfg = Release|iPhoneSimulator
		{D05183EE-050F-4940-91EC-3E657DA575CF}.Release|Mixed Platforms.Build.0 = Release|iPhoneSimulator
		{D05183EE-050F-4940-91EC-3E657DA575CF}.Release|x64.ActiveCfg = Release|iPhoneSimulator
		{D05183EE-050F-4940-91EC-3E657DA575CF}.Release|x64.Build.0 = Release|iPhoneSimulator
		{D05183EE-050F-4940-91EC-3E657DA575CF}.Release|x86.ActiveCfg = Release|iPhoneSimulator
		{D05183EE-050F-4940-91EC-3E657DA575CF}.Release|x86.Build.0 = Release|iPhoneSimulator
		{131D55C7-D279-404F-9438-5A71F81A16DC}.Ad-Hoc|Any CPU.ActiveCfg = Release|Any CPU
		{131D55C7-D279-404F-9438-5A71F81A16DC}.Ad-Hoc|Any CPU.Build.0 = Release|Any CPU
		{131D55C7-D279-404F-9438-5A71F81A16DC}.Ad-Hoc|Any CPU.Deploy.0 = Release|Any CPU
		{131D55C7-D279-404F-9438-5A71F81A16DC}.Ad-Hoc|ARM.ActiveCfg = Release|ARM
		{131D55C7-D279-404F-9438-5A71F81A16DC}.Ad-Hoc|ARM.Build.0 = Release|ARM
		{131D55C7-D279-404F-9438-5A71F81A16DC}.Ad-Hoc|ARM.Deploy.0 = Release|ARM
		{131D55C7-D279-404F-9438-5A71F81A16DC}.Ad-Hoc|iPhone.ActiveCfg = Release|Any CPU
		{131D55C7-D279-404F-9438-5A71F81A16DC}.Ad-Hoc|iPhoneSimulator.ActiveCfg = Release|Any CPU
		{131D55C7-D279-404F-9438-5A71F81A16DC}.Ad-Hoc|Mixed Platforms.ActiveCfg = Release|x86
		{131D55C7-D279-404F-9438-5A71F81A16DC}.Ad-Hoc|Mixed Platforms.Build.0 = Release|x86
		{131D55C7-D279-404F-9438-5A71F81A16DC}.Ad-Hoc|Mixed Platforms.Deploy.0 = Release|x86
		{131D55C7-D279-404F-9438-5A71F81A16DC}.Ad-Hoc|x64.ActiveCfg = Release|Any CPU
		{131D55C7-D279-404F-9438-5A71F81A16DC}.Ad-Hoc|x86.ActiveCfg = Release|x86
		{131D55C7-D279-404F-9438-5A71F81A16DC}.Ad-Hoc|x86.Build.0 = Release|x86
		{131D55C7-D279-404F-9438-5A71F81A16DC}.Ad-Hoc|x86.Deploy.0 = Release|x86
		{131D55C7-D279-404F-9438-5A71F81A16DC}.AppStore|Any CPU.ActiveCfg = Release|Any CPU
		{131D55C7-D279-404F-9438-5A71F81A16DC}.AppStore|Any CPU.Build.0 = Release|Any CPU
		{131D55C7-D279-404F-9438-5A71F81A16DC}.AppStore|Any CPU.Deploy.0 = Release|Any CPU
		{131D55C7-D279-404F-9438-5A71F81A16DC}.AppStore|ARM.ActiveCfg = Release|ARM
		{131D55C7-D279-404F-9438-5A71F81A16DC}.AppStore|ARM.Build.0 = Release|ARM
		{131D55C7-D279-404F-9438-5A71F81A16DC}.AppStore|ARM.Deploy.0 = Release|ARM
		{131D55C7-D279-404F-9438-5A71F81A16DC}.AppStore|iPhone.ActiveCfg = Release|Any CPU
		{131D55C7-D279-404F-9438-5A71F81A16DC}.AppStore|iPhoneSimulator.ActiveCfg = Release|Any CPU
		{131D55C7-D279-404F-9438-5A71F81A16DC}.AppStore|Mixed Platforms.ActiveCfg = Release|x86
		{131D55C7-D279-404F-9438-5A71F81A16DC}.AppStore|Mixed Platforms.Build.0 = Release|x86
		{131D55C7-D279-404F-9438-5A71F81A16DC}.AppStore|Mixed Platforms.Deploy.0 = Release|x86
		{131D55C7-D279-404F-9438-5A71F81A16DC}.AppStore|x64.ActiveCfg = Release|Any CPU
		{131D55C7-D279-404F-9438-5A71F81A16DC}.AppStore|x86.ActiveCfg = Release|x86
		{131D55C7-D279-404F-9438-5A71F81A16DC}.AppStore|x86.Build.0 = Release|x86
		{131D55C7-D279-404F-9438-5A71F81A16DC}.AppStore|x86.Deploy.0 = Release|x86
		{131D55C7-D279-404F-9438-5A71F81A16DC}.Debug|Any CPU.ActiveCfg = Debug|Any CPU
		{131D55C7-D279-404F-9438-5A71F81A16DC}.Debug|Any CPU.Build.0 = Debug|Any CPU
		{131D55C7-D279-404F-9438-5A71F81A16DC}.Debug|Any CPU.Deploy.0 = Debug|Any CPU
		{131D55C7-D279-404F-9438-5A71F81A16DC}.Debug|ARM.ActiveCfg = Debug|ARM
		{131D55C7-D279-404F-9438-5A71F81A16DC}.Debug|ARM.Build.0 = Debug|ARM
		{131D55C7-D279-404F-9438-5A71F81A16DC}.Debug|ARM.Deploy.0 = Debug|ARM
		{131D55C7-D279-404F-9438-5A71F81A16DC}.Debug|iPhone.ActiveCfg = Debug|Any CPU
		{131D55C7-D279-404F-9438-5A71F81A16DC}.Debug|iPhoneSimulator.ActiveCfg = Debug|Any CPU
		{131D55C7-D279-404F-9438-5A71F81A16DC}.Debug|Mixed Platforms.ActiveCfg = Debug|x86
		{131D55C7-D279-404F-9438-5A71F81A16DC}.Debug|Mixed Platforms.Build.0 = Debug|x86
		{131D55C7-D279-404F-9438-5A71F81A16DC}.Debug|Mixed Platforms.Deploy.0 = Debug|x86
		{131D55C7-D279-404F-9438-5A71F81A16DC}.Debug|x64.ActiveCfg = Debug|Any CPU
		{131D55C7-D279-404F-9438-5A71F81A16DC}.Debug|x86.ActiveCfg = Debug|x86
		{131D55C7-D279-404F-9438-5A71F81A16DC}.Debug|x86.Build.0 = Debug|x86
		{131D55C7-D279-404F-9438-5A71F81A16DC}.Debug|x86.Deploy.0 = Debug|x86
		{131D55C7-D279-404F-9438-5A71F81A16DC}.Release|Any CPU.ActiveCfg = Release|Any CPU
		{131D55C7-D279-404F-9438-5A71F81A16DC}.Release|Any CPU.Build.0 = Release|Any CPU
		{131D55C7-D279-404F-9438-5A71F81A16DC}.Release|Any CPU.Deploy.0 = Release|Any CPU
		{131D55C7-D279-404F-9438-5A71F81A16DC}.Release|ARM.ActiveCfg = Release|ARM
		{131D55C7-D279-404F-9438-5A71F81A16DC}.Release|ARM.Build.0 = Release|ARM
		{131D55C7-D279-404F-9438-5A71F81A16DC}.Release|ARM.Deploy.0 = Release|ARM
		{131D55C7-D279-404F-9438-5A71F81A16DC}.Release|iPhone.ActiveCfg = Release|Any CPU
		{131D55C7-D279-404F-9438-5A71F81A16DC}.Release|iPhoneSimulator.ActiveCfg = Release|Any CPU
		{131D55C7-D279-404F-9438-5A71F81A16DC}.Release|Mixed Platforms.ActiveCfg = Release|x86
		{131D55C7-D279-404F-9438-5A71F81A16DC}.Release|Mixed Platforms.Build.0 = Release|x86
		{131D55C7-D279-404F-9438-5A71F81A16DC}.Release|Mixed Platforms.Deploy.0 = Release|x86
		{131D55C7-D279-404F-9438-5A71F81A16DC}.Release|x64.ActiveCfg = Release|Any CPU
		{131D55C7-D279-404F-9438-5A71F81A16DC}.Release|x86.ActiveCfg = Release|x86
		{131D55C7-D279-404F-9438-5A71F81A16DC}.Release|x86.Build.0 = Release|x86
		{131D55C7-D279-404F-9438-5A71F81A16DC}.Release|x86.Deploy.0 = Release|x86
		{22262656-2434-42CA-96BC-5791FEC66F9C}.Ad-Hoc|Any CPU.ActiveCfg = Release|Any CPU
		{22262656-2434-42CA-96BC-5791FEC66F9C}.Ad-Hoc|Any CPU.Build.0 = Release|Any CPU
		{22262656-2434-42CA-96BC-5791FEC66F9C}.Ad-Hoc|Any CPU.Deploy.0 = Release|Any CPU
		{22262656-2434-42CA-96BC-5791FEC66F9C}.Ad-Hoc|ARM.ActiveCfg = Release|ARM
		{22262656-2434-42CA-96BC-5791FEC66F9C}.Ad-Hoc|ARM.Build.0 = Release|ARM
		{22262656-2434-42CA-96BC-5791FEC66F9C}.Ad-Hoc|ARM.Deploy.0 = Release|ARM
		{22262656-2434-42CA-96BC-5791FEC66F9C}.Ad-Hoc|iPhone.ActiveCfg = Release|Any CPU
		{22262656-2434-42CA-96BC-5791FEC66F9C}.Ad-Hoc|iPhoneSimulator.ActiveCfg = Release|Any CPU
		{22262656-2434-42CA-96BC-5791FEC66F9C}.Ad-Hoc|Mixed Platforms.ActiveCfg = Release|x86
		{22262656-2434-42CA-96BC-5791FEC66F9C}.Ad-Hoc|Mixed Platforms.Build.0 = Release|x86
		{22262656-2434-42CA-96BC-5791FEC66F9C}.Ad-Hoc|Mixed Platforms.Deploy.0 = Release|x86
		{22262656-2434-42CA-96BC-5791FEC66F9C}.Ad-Hoc|x64.ActiveCfg = Release|x64
		{22262656-2434-42CA-96BC-5791FEC66F9C}.Ad-Hoc|x64.Build.0 = Release|x64
		{22262656-2434-42CA-96BC-5791FEC66F9C}.Ad-Hoc|x64.Deploy.0 = Release|x64
		{22262656-2434-42CA-96BC-5791FEC66F9C}.Ad-Hoc|x86.ActiveCfg = Release|x86
		{22262656-2434-42CA-96BC-5791FEC66F9C}.Ad-Hoc|x86.Build.0 = Release|x86
		{22262656-2434-42CA-96BC-5791FEC66F9C}.Ad-Hoc|x86.Deploy.0 = Release|x86
		{22262656-2434-42CA-96BC-5791FEC66F9C}.AppStore|Any CPU.ActiveCfg = Release|Any CPU
		{22262656-2434-42CA-96BC-5791FEC66F9C}.AppStore|Any CPU.Build.0 = Release|Any CPU
		{22262656-2434-42CA-96BC-5791FEC66F9C}.AppStore|Any CPU.Deploy.0 = Release|Any CPU
		{22262656-2434-42CA-96BC-5791FEC66F9C}.AppStore|ARM.ActiveCfg = Release|ARM
		{22262656-2434-42CA-96BC-5791FEC66F9C}.AppStore|ARM.Build.0 = Release|ARM
		{22262656-2434-42CA-96BC-5791FEC66F9C}.AppStore|ARM.Deploy.0 = Release|ARM
		{22262656-2434-42CA-96BC-5791FEC66F9C}.AppStore|iPhone.ActiveCfg = Release|Any CPU
		{22262656-2434-42CA-96BC-5791FEC66F9C}.AppStore|iPhoneSimulator.ActiveCfg = Release|Any CPU
		{22262656-2434-42CA-96BC-5791FEC66F9C}.AppStore|Mixed Platforms.ActiveCfg = Release|x86
		{22262656-2434-42CA-96BC-5791FEC66F9C}.AppStore|Mixed Platforms.Build.0 = Release|x86
		{22262656-2434-42CA-96BC-5791FEC66F9C}.AppStore|Mixed Platforms.Deploy.0 = Release|x86
		{22262656-2434-42CA-96BC-5791FEC66F9C}.AppStore|x64.ActiveCfg = Release|x64
		{22262656-2434-42CA-96BC-5791FEC66F9C}.AppStore|x64.Build.0 = Release|x64
		{22262656-2434-42CA-96BC-5791FEC66F9C}.AppStore|x64.Deploy.0 = Release|x64
		{22262656-2434-42CA-96BC-5791FEC66F9C}.AppStore|x86.ActiveCfg = Release|x86
		{22262656-2434-42CA-96BC-5791FEC66F9C}.AppStore|x86.Build.0 = Release|x86
		{22262656-2434-42CA-96BC-5791FEC66F9C}.AppStore|x86.Deploy.0 = Release|x86
		{22262656-2434-42CA-96BC-5791FEC66F9C}.Debug|Any CPU.ActiveCfg = Debug|Any CPU
		{22262656-2434-42CA-96BC-5791FEC66F9C}.Debug|Any CPU.Build.0 = Debug|Any CPU
		{22262656-2434-42CA-96BC-5791FEC66F9C}.Debug|Any CPU.Deploy.0 = Debug|Any CPU
		{22262656-2434-42CA-96BC-5791FEC66F9C}.Debug|ARM.ActiveCfg = Debug|ARM
		{22262656-2434-42CA-96BC-5791FEC66F9C}.Debug|ARM.Build.0 = Debug|ARM
		{22262656-2434-42CA-96BC-5791FEC66F9C}.Debug|ARM.Deploy.0 = Debug|ARM
		{22262656-2434-42CA-96BC-5791FEC66F9C}.Debug|iPhone.ActiveCfg = Debug|Any CPU
		{22262656-2434-42CA-96BC-5791FEC66F9C}.Debug|iPhoneSimulator.ActiveCfg = Debug|Any CPU
		{22262656-2434-42CA-96BC-5791FEC66F9C}.Debug|Mixed Platforms.ActiveCfg = Debug|x86
		{22262656-2434-42CA-96BC-5791FEC66F9C}.Debug|Mixed Platforms.Build.0 = Debug|x86
		{22262656-2434-42CA-96BC-5791FEC66F9C}.Debug|Mixed Platforms.Deploy.0 = Debug|x86
		{22262656-2434-42CA-96BC-5791FEC66F9C}.Debug|x64.ActiveCfg = Debug|x64
		{22262656-2434-42CA-96BC-5791FEC66F9C}.Debug|x64.Build.0 = Debug|x64
		{22262656-2434-42CA-96BC-5791FEC66F9C}.Debug|x64.Deploy.0 = Debug|x64
		{22262656-2434-42CA-96BC-5791FEC66F9C}.Debug|x86.ActiveCfg = Debug|x86
		{22262656-2434-42CA-96BC-5791FEC66F9C}.Debug|x86.Build.0 = Debug|x86
		{22262656-2434-42CA-96BC-5791FEC66F9C}.Debug|x86.Deploy.0 = Debug|x86
		{22262656-2434-42CA-96BC-5791FEC66F9C}.Release|Any CPU.ActiveCfg = Release|Any CPU
		{22262656-2434-42CA-96BC-5791FEC66F9C}.Release|Any CPU.Build.0 = Release|Any CPU
		{22262656-2434-42CA-96BC-5791FEC66F9C}.Release|Any CPU.Deploy.0 = Release|Any CPU
		{22262656-2434-42CA-96BC-5791FEC66F9C}.Release|ARM.ActiveCfg = Release|ARM
		{22262656-2434-42CA-96BC-5791FEC66F9C}.Release|ARM.Build.0 = Release|ARM
		{22262656-2434-42CA-96BC-5791FEC66F9C}.Release|ARM.Deploy.0 = Release|ARM
		{22262656-2434-42CA-96BC-5791FEC66F9C}.Release|iPhone.ActiveCfg = Release|Any CPU
		{22262656-2434-42CA-96BC-5791FEC66F9C}.Release|iPhoneSimulator.ActiveCfg = Release|Any CPU
		{22262656-2434-42CA-96BC-5791FEC66F9C}.Release|Mixed Platforms.ActiveCfg = Release|x86
		{22262656-2434-42CA-96BC-5791FEC66F9C}.Release|Mixed Platforms.Build.0 = Release|x86
		{22262656-2434-42CA-96BC-5791FEC66F9C}.Release|Mixed Platforms.Deploy.0 = Release|x86
		{22262656-2434-42CA-96BC-5791FEC66F9C}.Release|x64.ActiveCfg = Release|x64
		{22262656-2434-42CA-96BC-5791FEC66F9C}.Release|x64.Build.0 = Release|x64
		{22262656-2434-42CA-96BC-5791FEC66F9C}.Release|x64.Deploy.0 = Release|x64
		{22262656-2434-42CA-96BC-5791FEC66F9C}.Release|x86.ActiveCfg = Release|x86
		{22262656-2434-42CA-96BC-5791FEC66F9C}.Release|x86.Build.0 = Release|x86
		{22262656-2434-42CA-96BC-5791FEC66F9C}.Release|x86.Deploy.0 = Release|x86
		{24886947-9D92-42E0-A0EB-C21B68BC05E2}.Ad-Hoc|Any CPU.ActiveCfg = Release|Any CPU
		{24886947-9D92-42E0-A0EB-C21B68BC05E2}.Ad-Hoc|Any CPU.Build.0 = Release|Any CPU
		{24886947-9D92-42E0-A0EB-C21B68BC05E2}.Ad-Hoc|Any CPU.Deploy.0 = Release|Any CPU
		{24886947-9D92-42E0-A0EB-C21B68BC05E2}.Ad-Hoc|ARM.ActiveCfg = Release|Any CPU
		{24886947-9D92-42E0-A0EB-C21B68BC05E2}.Ad-Hoc|iPhone.ActiveCfg = Release|Any CPU
		{24886947-9D92-42E0-A0EB-C21B68BC05E2}.Ad-Hoc|iPhoneSimulator.ActiveCfg = Release|Any CPU
		{24886947-9D92-42E0-A0EB-C21B68BC05E2}.Ad-Hoc|Mixed Platforms.ActiveCfg = Release|Any CPU
		{24886947-9D92-42E0-A0EB-C21B68BC05E2}.Ad-Hoc|Mixed Platforms.Build.0 = Release|Any CPU
		{24886947-9D92-42E0-A0EB-C21B68BC05E2}.Ad-Hoc|Mixed Platforms.Deploy.0 = Release|Any CPU
		{24886947-9D92-42E0-A0EB-C21B68BC05E2}.Ad-Hoc|x64.ActiveCfg = Release|Any CPU
		{24886947-9D92-42E0-A0EB-C21B68BC05E2}.Ad-Hoc|x86.ActiveCfg = Release|Any CPU
		{24886947-9D92-42E0-A0EB-C21B68BC05E2}.AppStore|Any CPU.ActiveCfg = Release|Any CPU
		{24886947-9D92-42E0-A0EB-C21B68BC05E2}.AppStore|Any CPU.Build.0 = Release|Any CPU
		{24886947-9D92-42E0-A0EB-C21B68BC05E2}.AppStore|Any CPU.Deploy.0 = Release|Any CPU
		{24886947-9D92-42E0-A0EB-C21B68BC05E2}.AppStore|ARM.ActiveCfg = Release|Any CPU
		{24886947-9D92-42E0-A0EB-C21B68BC05E2}.AppStore|iPhone.ActiveCfg = Release|Any CPU
		{24886947-9D92-42E0-A0EB-C21B68BC05E2}.AppStore|iPhoneSimulator.ActiveCfg = Release|Any CPU
		{24886947-9D92-42E0-A0EB-C21B68BC05E2}.AppStore|Mixed Platforms.ActiveCfg = Release|Any CPU
		{24886947-9D92-42E0-A0EB-C21B68BC05E2}.AppStore|Mixed Platforms.Build.0 = Release|Any CPU
		{24886947-9D92-42E0-A0EB-C21B68BC05E2}.AppStore|Mixed Platforms.Deploy.0 = Release|Any CPU
		{24886947-9D92-42E0-A0EB-C21B68BC05E2}.AppStore|x64.ActiveCfg = Release|Any CPU
		{24886947-9D92-42E0-A0EB-C21B68BC05E2}.AppStore|x86.ActiveCfg = Release|Any CPU
		{24886947-9D92-42E0-A0EB-C21B68BC05E2}.Debug|Any CPU.ActiveCfg = Debug|Any CPU
		{24886947-9D92-42E0-A0EB-C21B68BC05E2}.Debug|Any CPU.Build.0 = Debug|Any CPU
		{24886947-9D92-42E0-A0EB-C21B68BC05E2}.Debug|Any CPU.Deploy.0 = Debug|Any CPU
		{24886947-9D92-42E0-A0EB-C21B68BC05E2}.Debug|ARM.ActiveCfg = Debug|Any CPU
		{24886947-9D92-42E0-A0EB-C21B68BC05E2}.Debug|iPhone.ActiveCfg = Debug|Any CPU
		{24886947-9D92-42E0-A0EB-C21B68BC05E2}.Debug|iPhoneSimulator.ActiveCfg = Debug|Any CPU
		{24886947-9D92-42E0-A0EB-C21B68BC05E2}.Debug|Mixed Platforms.ActiveCfg = Debug|Any CPU
		{24886947-9D92-42E0-A0EB-C21B68BC05E2}.Debug|Mixed Platforms.Build.0 = Debug|Any CPU
		{24886947-9D92-42E0-A0EB-C21B68BC05E2}.Debug|Mixed Platforms.Deploy.0 = Debug|Any CPU
		{24886947-9D92-42E0-A0EB-C21B68BC05E2}.Debug|x64.ActiveCfg = Debug|Any CPU
		{24886947-9D92-42E0-A0EB-C21B68BC05E2}.Debug|x86.ActiveCfg = Debug|Any CPU
		{24886947-9D92-42E0-A0EB-C21B68BC05E2}.Release|Any CPU.ActiveCfg = Release|Any CPU
		{24886947-9D92-42E0-A0EB-C21B68BC05E2}.Release|Any CPU.Build.0 = Release|Any CPU
		{24886947-9D92-42E0-A0EB-C21B68BC05E2}.Release|Any CPU.Deploy.0 = Release|Any CPU
		{24886947-9D92-42E0-A0EB-C21B68BC05E2}.Release|ARM.ActiveCfg = Release|Any CPU
		{24886947-9D92-42E0-A0EB-C21B68BC05E2}.Release|iPhone.ActiveCfg = Release|Any CPU
		{24886947-9D92-42E0-A0EB-C21B68BC05E2}.Release|iPhoneSimulator.ActiveCfg = Release|Any CPU
		{24886947-9D92-42E0-A0EB-C21B68BC05E2}.Release|Mixed Platforms.ActiveCfg = Release|Any CPU
		{24886947-9D92-42E0-A0EB-C21B68BC05E2}.Release|Mixed Platforms.Build.0 = Release|Any CPU
		{24886947-9D92-42E0-A0EB-C21B68BC05E2}.Release|Mixed Platforms.Deploy.0 = Release|Any CPU
		{24886947-9D92-42E0-A0EB-C21B68BC05E2}.Release|x64.ActiveCfg = Release|Any CPU
		{24886947-9D92-42E0-A0EB-C21B68BC05E2}.Release|x86.ActiveCfg = Release|Any CPU
	EndGlobalSection
	GlobalSection(SolutionProperties) = preSolution
		HideSolutionNode = FALSE
	EndGlobalSection
	GlobalSection(MonoDevelopProperties) = preSolution
		StartupItem = ServicesSamples.iOS\ServicesSamples.iOS.csproj
	EndGlobalSection
EndGlobal
